
Microsoft Visual Studio Solution File, Format Version 12.00
# Visual Studio Version 17
VisualStudioVersion = 17.5.33103.201
MinimumVisualStudioVersion = 10.0.40219.1
Project("{9A19103F-16F7-4668-BE54-9A1E7A4F7556}") = "app1", "app1\app1.csproj", "{86CF364C-54AD-4DF8-A9A1-5CBC0E818223}"
EndProject
Project("{9A19103F-16F7-4668-BE54-9A1E7A4F7556}") = "app2", "app2\app2.csproj", "{3F7D1C3F-8A4B-4210-B2AC-406F103833CD}"
EndProject
Project("{9A19103F-16F7-4668-BE54-9A1E7A4F7556}") = "app3", "app3\app3.csproj", "{68ABBD4B-6658-4B7C-9BF5-8B0A418E7B31}"
EndProject
Project("{9A19103F-16F7-4668-BE54-9A1E7A4F7556}") = "models", "models\models.csproj", "{37090BAB-63D8-45B4-A1E2-812C91E63F4E}"
EndProject
Project("{9A19103F-16F7-4668-BE54-9A1E7A4F7556}") = "host", "host\host.csproj", "{E5DD4F54-C3F0-4E8E-9672-7A2A4A5034BD}"
EndProject
Project("{FAE04EC0-301F-11D3-BF4B-00C04F79EFBC}") = "menu", "menu\menu.csproj", "{525D005A-7341-458B-87FC-92FAE86921B0}"
EndProject
Global
	GlobalSection(SolutionConfigurationPlatforms) = preSolution
		Debug|Any CPU = Debug|Any CPU
		Release|Any CPU = Release|Any CPU
	EndGlobalSection
	GlobalSection(ProjectConfigurationPlatforms) = postSolution
		{86CF364C-54AD-4DF8-A9A1-5CBC0E818223}.Debug|Any CPU.ActiveCfg = Debug|Any CPU
		{86CF364C-54AD-4DF8-A9A1-5CBC0E818223}.Debug|Any CPU.Build.0 = Debug|Any CPU
		{86CF364C-54AD-4DF8-A9A1-5CBC0E818223}.Release|Any CPU.ActiveCfg = Release|Any CPU
		{86CF364C-54AD-4DF8-A9A1-5CBC0E818223}.Release|Any CPU.Build.0 = Release|Any CPU
		{3F7D1C3F-8A4B-4210-B2AC-406F103833CD}.Debug|Any CPU.ActiveCfg = Debug|Any CPU
		{3F7D1C3F-8A4B-4210-B2AC-406F103833CD}.Debug|Any CPU.Build.0 = Debug|Any CPU
		{3F7D1C3F-8A4B-4210-B2AC-406F103833CD}.Release|Any CPU.ActiveCfg = Release|Any CPU
		{3F7D1C3F-8A4B-4210-B2AC-406F103833CD}.Release|Any CPU.Build.0 = Release|Any CPU
		{68ABBD4B-6658-4B7C-9BF5-8B0A418E7B31}.Debug|Any CPU.ActiveCfg = Debug|Any CPU
		{68ABBD4B-6658-4B7C-9BF5-8B0A418E7B31}.Debug|Any CPU.Build.0 = Debug|Any CPU
		{68ABBD4B-6658-4B7C-9BF5-8B0A418E7B31}.Release|Any CPU.ActiveCfg = Release|Any CPU
		{68ABBD4B-6658-4B7C-9BF5-8B0A418E7B31}.Release|Any CPU.Build.0 = Release|Any CPU
		{37090BAB-63D8-45B4-A1E2-812C91E63F4E}.Debug|Any CPU.ActiveCfg = Debug|Any CPU
		{37090BAB-63D8-45B4-A1E2-812C91E63F4E}.Debug|Any CPU.Build.0 = Debug|Any CPU
		{37090BAB-63D8-45B4-A1E2-812C91E63F4E}.Release|Any CPU.ActiveCfg = Release|Any CPU
		{37090BAB-63D8-45B4-A1E2-812C91E63F4E}.Release|Any CPU.Build.0 = Release|Any CPU
		{E5DD4F54-C3F0-4E8E-9672-7A2A4A5034BD}.Debug|Any CPU.ActiveCfg = Debug|Any CPU
		{E5DD4F54-C3F0-4E8E-9672-7A2A4A5034BD}.Debug|Any CPU.Build.0 = Debug|Any CPU
		{E5DD4F54-C3F0-4E8E-9672-7A2A4A5034BD}.Release|Any CPU.ActiveCfg = Release|Any CPU
		{E5DD4F54-C3F0-4E8E-9672-7A2A4A5034BD}.Release|Any CPU.Build.0 = Release|Any CPU
		{525D005A-7341-458B-87FC-92FAE86921B0}.Debug|Any CPU.ActiveCfg = Debug|Any CPU
		{525D005A-7341-458B-87FC-92FAE86921B0}.Debug|Any CPU.Build.0 = Debug|Any CPU
		{525D005A-7341-458B-87FC-92FAE86921B0}.Release|Any CPU.ActiveCfg = Release|Any CPU
		{525D005A-7341-458B-87FC-92FAE86921B0}.Release|Any CPU.Build.0 = Release|Any CPU
	EndGlobalSection
	GlobalSection(SolutionProperties) = preSolution
		HideSolutionNode = FALSE
	EndGlobalSection
	GlobalSection(ExtensibilityGlobals) = postSolution
		SolutionGuid = {11C744C5-24A5-4858-B2F3-9A14D2CAC338}
	EndGlobalSection
EndGlobal
